
Microsoft Visual Studio Solution File, Format Version 12.00
Project("{FAE04EC0-301F-11D3-BF4B-00C04F79EFBC}") = "primes", "primes\primes.csproj", "{2106A2A2-C1F3-445E-89C6-D156733E8538}"
EndProject
Global
	GlobalSection(SolutionConfigurationPlatforms) = preSolution
		Debug|Any CPU = Debug|Any CPU
		Release|Any CPU = Release|Any CPU
	EndGlobalSection
	GlobalSection(ProjectConfigurationPlatforms) = postSolution
		{2106A2A2-C1F3-445E-89C6-D156733E8538}.Debug|Any CPU.ActiveCfg = Debug|Any CPU
		{2106A2A2-C1F3-445E-89C6-D156733E8538}.Debug|Any CPU.Build.0 = Debug|Any CPU
		{2106A2A2-C1F3-445E-89C6-D156733E8538}.Release|Any CPU.ActiveCfg = Release|Any CPU
		{2106A2A2-C1F3-445E-89C6-D156733E8538}.Release|Any CPU.Build.0 = Release|Any CPU
	EndGlobalSection
EndGlobal
